
Microsoft Visual Studio Solution File, Format Version 12.00
# Visual Studio Version 16
VisualStudioVersion = 16.0.30204.135
MinimumVisualStudioVersion = 10.0.40219.1
Project("{9A19103F-16F7-4668-BE54-9A1E7A4F7556}") = "PCS.CPMS.WebAPI_PWA", "PCS.CPMS.WebAPI_PWA\PCS.CPMS.WebAPI_PWA.csproj", "{ABD01D81-581E-467C-B896-AABDA8871D80}"
EndProject
Project("{9A19103F-16F7-4668-BE54-9A1E7A4F7556}") = "PCS.CPMS.BL", "..\PCS.CPMS.BL\PCS.CPMS.BL\PCS.CPMS.BL.csproj", "{11B93EDB-C028-4B4B-B26B-D56F7DB91FCA}"
EndProject
Project("{9A19103F-16F7-4668-BE54-9A1E7A4F7556}") = "PCS.CPMS.DAL", "..\PCS.CPMS.DAL\PCS.CPMS.DAL\PCS.CPMS.DAL.csproj", "{0C10075E-C0D7-412B-A97E-AD642A5254E4}"
EndProject
Global
	GlobalSection(SolutionConfigurationPlatforms) = preSolution
		Debug|Any CPU = Debug|Any CPU
		Release|Any CPU = Release|Any CPU
	EndGlobalSection
	GlobalSection(ProjectConfigurationPlatforms) = postSolution
		{ABD01D81-581E-467C-B896-AABDA8871D80}.Debug|Any CPU.ActiveCfg = Debug|Any CPU
		{ABD01D81-581E-467C-B896-AABDA8871D80}.Debug|Any CPU.Build.0 = Debug|Any CPU
		{ABD01D81-581E-467C-B896-AABDA8871D80}.Release|Any CPU.ActiveCfg = Release|Any CPU
		{ABD01D81-581E-467C-B896-AABDA8871D80}.Release|Any CPU.Build.0 = Release|Any CPU
		{11B93EDB-C028-4B4B-B26B-D56F7DB91FCA}.Debug|Any CPU.ActiveCfg = Debug|Any CPU
		{11B93EDB-C028-4B4B-B26B-D56F7DB91FCA}.Debug|Any CPU.Build.0 = Debug|Any CPU
		{11B93EDB-C028-4B4B-B26B-D56F7DB91FCA}.Release|Any CPU.ActiveCfg = Release|Any CPU
		{11B93EDB-C028-4B4B-B26B-D56F7DB91FCA}.Release|Any CPU.Build.0 = Release|Any CPU
		{0C10075E-C0D7-412B-A97E-AD642A5254E4}.Debug|Any CPU.ActiveCfg = Debug|Any CPU
		{0C10075E-C0D7-412B-A97E-AD642A5254E4}.Debug|Any CPU.Build.0 = Debug|Any CPU
		{0C10075E-C0D7-412B-A97E-AD642A5254E4}.Release|Any CPU.ActiveCfg = Release|Any CPU
		{0C10075E-C0D7-412B-A97E-AD642A5254E4}.Release|Any CPU.Build.0 = Release|Any CPU
	EndGlobalSection
	GlobalSection(SolutionProperties) = preSolution
		HideSolutionNode = FALSE
	EndGlobalSection
	GlobalSection(ExtensibilityGlobals) = postSolution
		SolutionGuid = {545228FD-CED7-4866-89E1-424B75644337}
	EndGlobalSection
EndGlobal
